Microsoft Visual Studio Solution File, Format Version 11.00
# Visual Studio 2008

Project("{C43FFE27-24A4-DF9A-D5F8-91D1A59C62E6}") = "projeto-espanhol", "Assembly-CSharp-firstpass.csproj", "{CCE0558F-E82C-F24B-28D1-2BD98DC33FCF}"
EndProject
Project("{C43FFE27-24A4-DF9A-D5F8-91D1A59C62E6}") = "projeto-espanhol", "Assembly-CSharp.csproj", "{7DA5F4C7-E8D5-4F87-4D98-DE86029BE3EB}"
EndProject
Project("{C43FFE27-24A4-DF9A-D5F8-91D1A59C62E6}") = "projeto-espanhol", "Assembly-CSharp-Editor.csproj", "{D02A7966-E8BD-3BC1-41CD-2B9F674B83EA}"
EndProject
Global
	GlobalSection(SolutionConfigurationPlatforms) = preSolution
		Debug|Any CPU = Debug|Any CPU
		Release|Any CPU = Release|Any CPU
	EndGlobalSection
	GlobalSection(ProjectConfigurationPlatforms) = postSolution
		{CCE0558F-E82C-F24B-28D1-2BD98DC33FCF}.Debug|Any CPU.ActiveCfg = Debug|Any CPU
		{CCE0558F-E82C-F24B-28D1-2BD98DC33FCF}.Debug|Any CPU.Build.0 = Debug|Any CPU
		{CCE0558F-E82C-F24B-28D1-2BD98DC33FCF}.Release|Any CPU.ActiveCfg = Release|Any CPU
		{CCE0558F-E82C-F24B-28D1-2BD98DC33FCF}.Release|Any CPU.Build.0 = Release|Any CPU
		{7DA5F4C7-E8D5-4F87-4D98-DE86029BE3EB}.Debug|Any CPU.ActiveCfg = Debug|Any CPU
		{7DA5F4C7-E8D5-4F87-4D98-DE86029BE3EB}.Debug|Any CPU.Build.0 = Debug|Any CPU
		{7DA5F4C7-E8D5-4F87-4D98-DE86029BE3EB}.Release|Any CPU.ActiveCfg = Release|Any CPU
		{7DA5F4C7-E8D5-4F87-4D98-DE86029BE3EB}.Release|Any CPU.Build.0 = Release|Any CPU
		{D02A7966-E8BD-3BC1-41CD-2B9F674B83EA}.Debug|Any CPU.ActiveCfg = Debug|Any CPU
		{D02A7966-E8BD-3BC1-41CD-2B9F674B83EA}.Debug|Any CPU.Build.0 = Debug|Any CPU
		{D02A7966-E8BD-3BC1-41CD-2B9F674B83EA}.Release|Any CPU.ActiveCfg = Release|Any CPU
		{D02A7966-E8BD-3BC1-41CD-2B9F674B83EA}.Release|Any CPU.Build.0 = Release|Any CPU
	EndGlobalSection
	GlobalSection(SolutionProperties) = preSolution
		HideSolutionNode = FALSE
	EndGlobalSection
									GlobalSection(MonoDevelopProperties) = preSolution
		StartupItem = Assembly-CSharp.csproj
		Policies = $0
		$0.TextStylePolicy = $1
		$1.inheritsSet = null
		$1.scope = text/x-csharp
		$0.CSharpFormattingPolicy = $2
		$2.inheritsSet = Mono
		$2.inheritsScope = text/x-csharp
		$2.scope = text/x-csharp
		$0.TextStylePolicy = $3
		$3.FileWidth = 120
		$3.TabWidth = 4
		$3.EolMarker = Unix
		$3.inheritsSet = Mono
		$3.inheritsScope = text/plain
		$3.scope = text/plain
	EndGlobalSection

EndGlobal
